
Microsoft Visual Studio Solution File, Format Version 12.00
# Visual Studio Version 17
VisualStudioVersion = 17.1.32414.318
MinimumVisualStudioVersion = 10.0.40219.1
Project("{FAE04EC0-301F-11D3-BF4B-00C04F79EFBC}") = "RandomForest", "RandomForest\RandomForest.csproj", "{95E6D3A6-84A6-4B7A-9F5F-29F1A465C7D6}"
EndProject
Global
	GlobalSection(SolutionConfigurationPlatforms) = preSolution
		Debug|Any CPU = Debug|Any CPU
		Release|Any CPU = Release|Any CPU
	EndGlobalSection
	GlobalSection(ProjectConfigurationPlatforms) = postSolution
		{95E6D3A6-84A6-4B7A-9F5F-29F1A465C7D6}.Debug|Any CPU.ActiveCfg = Debug|Any CPU
		{95E6D3A6-84A6-4B7A-9F5F-29F1A465C7D6}.Debug|Any CPU.Build.0 = Debug|Any CPU
		{95E6D3A6-84A6-4B7A-9F5F-29F1A465C7D6}.Release|Any CPU.ActiveCfg = Release|Any CPU
		{95E6D3A6-84A6-4B7A-9F5F-29F1A465C7D6}.Release|Any CPU.Build.0 = Release|Any CPU
	EndGlobalSection
	GlobalSection(SolutionProperties) = preSolution
		HideSolutionNode = FALSE
	EndGlobalSection
	GlobalSection(ExtensibilityGlobals) = postSolution
		SolutionGuid = {51F4AB46-33C1-4F83-814E-16385FCDAF91}
	EndGlobalSection
EndGlobal
